
Microsoft Visual Studio Solution File, Format Version 12.00
# Visual Studio Version 16
VisualStudioVersion = 16.0.33927.289
MinimumVisualStudioVersion = 10.0.40219.1
Project("{2150E333-8FDC-42A3-9474-1A3956D46DE8}") = "Task0", "Task0", "{7436279C-941B-47A1-890F-4EB9CC9A3D0E}"
EndProject
Project("{FAE04EC0-301F-11D3-BF4B-00C04F79EFBC}") = "Tyuiu.KonyushevskyAA.Sprint5.Task0.V14", "Tyuiu.KonyushevskyAA.Sprint5.Task0.V14\Tyuiu.KonyushevskyAA.Sprint5.Task0.V14.csproj", "{E398FFF2-945C-4828-8D3A-6C8241D94CE5}"
EndProject
Project("{FAE04EC0-301F-11D3-BF4B-00C04F79EFBC}") = "Tyuiu.KonyushevskyAA.Sprint5.Task0.V14.Lib", "Tyuiu.KonyushevskyAA.Sprint5.Task0.V14.Lib\Tyuiu.KonyushevskyAA.Sprint5.Task0.V14.Lib.csproj", "{819AE803-27E7-440A-BEBD-5BA404923C74}"
EndProject
Project("{FAE04EC0-301F-11D3-BF4B-00C04F79EFBC}") = "Tyuiu.KonyushevskyAA.Sprint5.Task0.V14.Test", "Tyuiu.KonyushevskyAA.Sprint5.Task0.V14.Test\Tyuiu.KonyushevskyAA.Sprint5.Task0.V14.Test.csproj", "{07D33E69-F06B-461C-9195-AA05C5F0519D}"
EndProject
Project("{2150E333-8FDC-42A3-9474-1A3956D46DE8}") = "Task1", "Task1", "{68B7EB36-3F3D-483D-AA2D-AE442ECED093}"
EndProject
Project("{FAE04EC0-301F-11D3-BF4B-00C04F79EFBC}") = "Tyuiu.KonyushevskyAA.Sprint5.Task1.V20", "Tyuiu.KonyushevskyAA.Sprint5.Task1.V20\Tyuiu.KonyushevskyAA.Sprint5.Task1.V20.csproj", "{26C5E693-D066-4D3B-93A2-43679769FA81}"
EndProject
Project("{FAE04EC0-301F-11D3-BF4B-00C04F79EFBC}") = "Tyuiu.KonyushevskyAA.Sprint5.Task1.V20.Lib", "Tyuiu.KonyushevskyAA.Sprint5.Task1.V20.Lib\Tyuiu.KonyushevskyAA.Sprint5.Task1.V20.Lib.csproj", "{558036FF-4C6D-4177-A56C-E004EB12AD86}"
EndProject
Project("{FAE04EC0-301F-11D3-BF4B-00C04F79EFBC}") = "Tyuiu.KonyushevskyAA.Sprint5.Task1.V20.Test", "Tyuiu.KonyushevskyAA.Sprint5.Task1.V20.Test\Tyuiu.KonyushevskyAA.Sprint5.Task1.V20.Test.csproj", "{B003709A-C52F-4FCE-8F36-E20F0F5F57D4}"
EndProject
Project("{2150E333-8FDC-42A3-9474-1A3956D46DE8}") = "Task2", "Task2", "{4EE2ED6E-965B-4EF1-BD00-F0B875478FF3}"
EndProject
Project("{FAE04EC0-301F-11D3-BF4B-00C04F79EFBC}") = "Tyuiu.KonyushevskyAA.Sprint5.Task2.V9", "Tyuiu.KonyushevskyAA.Sprint5.Task2.V9\Tyuiu.KonyushevskyAA.Sprint5.Task2.V9.csproj", "{011B42B1-53B6-4793-B449-5F4378EE1E5C}"
EndProject
Project("{FAE04EC0-301F-11D3-BF4B-00C04F79EFBC}") = "Tyuiu.KonyushevskyAA.Sprint5.Task2.V9.Lib", "Tyuiu.KonyushevskyAA.Sprint5.Task2.V9.Lib\Tyuiu.KonyushevskyAA.Sprint5.Task2.V9.Lib.csproj", "{B72A8A00-451F-4AD7-A58A-87CAEAAFC287}"
EndProject
Project("{FAE04EC0-301F-11D3-BF4B-00C04F79EFBC}") = "Tyuiu.KonyushevskyAA.Sprint5.Task2.V9.Test", "Tyuiu.KonyushevskyAA.Sprint5.Task2.V9.Test\Tyuiu.KonyushevskyAA.Sprint5.Task2.V9.Test.csproj", "{56626CB4-3EB0-4BC1-A4AA-64FA3FFD7895}"
EndProject
Project("{2150E333-8FDC-42A3-9474-1A3956D46DE8}") = "Task3", "Task3", "{84226F88-DA0F-49CC-B11F-3430620F49CE}"
EndProject
Project("{FAE04EC0-301F-11D3-BF4B-00C04F79EFBC}") = "Tyuiu.KonyushevskyAA.Sprint5.Task3.V7", "Tyuiu.KonyushevskyAA.Sprint5.Task3.V7\Tyuiu.KonyushevskyAA.Sprint5.Task3.V7.csproj", "{A865DDFE-7BBA-4928-A152-CC2209A91A50}"
EndProject
Project("{FAE04EC0-301F-11D3-BF4B-00C04F79EFBC}") = "Tyuiu.KonyushevskyAA.Sprint5.Task3.V7.Lib", "Tyuiu.KonyushevskyAA.Sprint5.Task3.V7.Lib\Tyuiu.KonyushevskyAA.Sprint5.Task3.V7.Lib.csproj", "{AFB74FE6-4C16-4DC0-8F3F-EBB2883E0F12}"
EndProject
Project("{FAE04EC0-301F-11D3-BF4B-00C04F79EFBC}") = "Tyuiu.KonyushevskyAA.Sprint5.Task3.V7.Test", "Tyuiu.KonyushevskyAA.Sprint5.Task3.V7.Test\Tyuiu.KonyushevskyAA.Sprint5.Task3.V7.Test.csproj", "{227750AF-2DA8-4174-A3FD-364EBDDAF068}"
EndProject
Project("{2150E333-8FDC-42A3-9474-1A3956D46DE8}") = "Task4", "Task4", "{E5FB5BEC-88CA-454F-A667-6E2698222D92}"
EndProject
Project("{FAE04EC0-301F-11D3-BF4B-00C04F79EFBC}") = "Tyuiu.KonyushevskyAA.Sprint5.Task4.V29", "Tyuiu.KonyushevskyAA.Sprint5.Task4.V29\Tyuiu.KonyushevskyAA.Sprint5.Task4.V29.csproj", "{6542F061-4A57-4FB5-BA31-5769C1B92D1E}"
EndProject
Project("{FAE04EC0-301F-11D3-BF4B-00C04F79EFBC}") = "Tyuiu.KonyushevskyAA.Sprint5.Task4.V29.Lib", "Tyuiu.KonyushevskyAA.Sprint5.Task4.V29.Lib\Tyuiu.KonyushevskyAA.Sprint5.Task4.V29.Lib.csproj", "{665EE189-848C-4C6A-A98A-93DAD1AF2DA1}"
EndProject
Project("{FAE04EC0-301F-11D3-BF4B-00C04F79EFBC}") = "Tyuiu.KonyushevskyAA.Sprint5.Task4.V29.Test", "Tyuiu.KonyushevskyAA.Sprint5.Task4.V29.Test\Tyuiu.KonyushevskyAA.Sprint5.Task4.V29.Test.csproj", "{9C467E2C-A732-4641-B98B-E0FE48F34C3D}"
EndProject
Project("{2150E333-8FDC-42A3-9474-1A3956D46DE8}") = "Task5", "Task5", "{22C1D402-F4CD-4C64-B59E-99E398A96CE7}"
EndProject
Project("{FAE04EC0-301F-11D3-BF4B-00C04F79EFBC}") = "Tyuiu.KonyushevskyAA.Sprint5.Task5.V18", "Tyuiu.KonyushevskyAA.Sprint5.Task5.V18\Tyuiu.KonyushevskyAA.Sprint5.Task5.V18.csproj", "{8B125272-286B-4884-8AA6-B599042E12C4}"
EndProject
Project("{FAE04EC0-301F-11D3-BF4B-00C04F79EFBC}") = "Tyuiu.KonyushevskyAA.Sprint5.Task5.V18.Lib", "Tyuiu.KonyushevskyAA.Sprint5.Task5.V18.Lib\Tyuiu.KonyushevskyAA.Sprint5.Task5.V18.Lib.csproj", "{E579846B-B68F-44FE-84CC-523B908FBBD6}"
EndProject
Project("{FAE04EC0-301F-11D3-BF4B-00C04F79EFBC}") = "Tyuiu.KonyushevskyAA.Sprint5.Task5.V18.Test", "Tyuiu.KonyushevskyAA.Sprint5.Task5.V18.Test\Tyuiu.KonyushevskyAA.Sprint5.Task5.V18.Test.csproj", "{E2F7EF3B-0E91-4A39-8847-4FC4AF3B2A3A}"
EndProject
Global
	GlobalSection(SolutionConfigurationPlatforms) = preSolution
		Debug|Any CPU = Debug|Any CPU
		Release|Any CPU = Release|Any CPU
	EndGlobalSection
	GlobalSection(ProjectConfigurationPlatforms) = postSolution
		{E398FFF2-945C-4828-8D3A-6C8241D94CE5}.Debug|Any CPU.ActiveCfg = Debug|Any CPU
		{E398FFF2-945C-4828-8D3A-6C8241D94CE5}.Debug|Any CPU.Build.0 = Debug|Any CPU
		{E398FFF2-945C-4828-8D3A-6C8241D94CE5}.Release|Any CPU.ActiveCfg = Release|Any CPU
		{E398FFF2-945C-4828-8D3A-6C8241D94CE5}.Release|Any CPU.Build.0 = Release|Any CPU
		{819AE803-27E7-440A-BEBD-5BA404923C74}.Debug|Any CPU.ActiveCfg = Debug|Any CPU
		{819AE803-27E7-440A-BEBD-5BA404923C74}.Debug|Any CPU.Build.0 = Debug|Any CPU
		{819AE803-27E7-440A-BEBD-5BA404923C74}.Release|Any CPU.ActiveCfg = Release|Any CPU
		{819AE803-27E7-440A-BEBD-5BA404923C74}.Release|Any CPU.Build.0 = Release|Any CPU
		{07D33E69-F06B-461C-9195-AA05C5F0519D}.Debug|Any CPU.ActiveCfg = Debug|Any CPU
		{07D33E69-F06B-461C-9195-AA05C5F0519D}.Debug|Any CPU.Build.0 = Debug|Any CPU
		{07D33E69-F06B-461C-9195-AA05C5F0519D}.Release|Any CPU.ActiveCfg = Release|Any CPU
		{07D33E69-F06B-461C-9195-AA05C5F0519D}.Release|Any CPU.Build.0 = Release|Any CPU
		{26C5E693-D066-4D3B-93A2-43679769FA81}.Debug|Any CPU.ActiveCfg = Debug|Any CPU
		{26C5E693-D066-4D3B-93A2-43679769FA81}.Debug|Any CPU.Build.0 = Debug|Any CPU
		{26C5E693-D066-4D3B-93A2-43679769FA81}.Release|Any CPU.ActiveCfg = Release|Any CPU
		{26C5E693-D066-4D3B-93A2-43679769FA81}.Release|Any CPU.Build.0 = Release|Any CPU
		{558036FF-4C6D-4177-A56C-E004EB12AD86}.Debug|Any CPU.ActiveCfg = Debug|Any CPU
		{558036FF-4C6D-4177-A56C-E004EB12AD86}.Debug|Any CPU.Build.0 = Debug|Any CPU
		{558036FF-4C6D-4177-A56C-E004EB12AD86}.Release|Any CPU.ActiveCfg = Release|Any CPU
		{558036FF-4C6D-4177-A56C-E004EB12AD86}.Release|Any CPU.Build.0 = Release|Any CPU
		{B003709A-C52F-4FCE-8F36-E20F0F5F57D4}.Debug|Any CPU.ActiveCfg = Debug|Any CPU
		{B003709A-C52F-4FCE-8F36-E20F0F5F57D4}.Debug|Any CPU.Build.0 = Debug|Any CPU
		{B003709A-C52F-4FCE-8F36-E20F0F5F57D4}.Release|Any CPU.ActiveCfg = Release|Any CPU
		{B003709A-C52F-4FCE-8F36-E20F0F5F57D4}.Release|Any CPU.Build.0 = Release|Any CPU
		{011B42B1-53B6-4793-B449-5F4378EE1E5C}.Debug|Any CPU.ActiveCfg = Debug|Any CPU
		{011B42B1-53B6-4793-B449-5F4378EE1E5C}.Debug|Any CPU.Build.0 = Debug|Any CPU
		{011B42B1-53B6-4793-B449-5F4378EE1E5C}.Release|Any CPU.ActiveCfg = Release|Any CPU
		{011B42B1-53B6-4793-B449-5F4378EE1E5C}.Release|Any CPU.Build.0 = Release|Any CPU
		{B72A8A00-451F-4AD7-A58A-87CAEAAFC287}.Debug|Any CPU.ActiveCfg = Debug|Any CPU
		{B72A8A00-451F-4AD7-A58A-87CAEAAFC287}.Debug|Any CPU.Build.0 = Debug|Any CPU
		{B72A8A00-451F-4AD7-A58A-87CAEAAFC287}.Release|Any CPU.ActiveCfg = Release|Any CPU
		{B72A8A00-451F-4AD7-A58A-87CAEAAFC287}.Release|Any CPU.Build.0 = Release|Any CPU
		{56626CB4-3EB0-4BC1-A4AA-64FA3FFD7895}.Debug|Any CPU.ActiveCfg = Debug|Any CPU
		{56626CB4-3EB0-4BC1-A4AA-64FA3FFD7895}.Debug|Any CPU.Build.0 = Debug|Any CPU
		{56626CB4-3EB0-4BC1-A4AA-64FA3FFD7895}.Release|Any CPU.ActiveCfg = Release|Any CPU
		{56626CB4-3EB0-4BC1-A4AA-64FA3FFD7895}.Release|Any CPU.Build.0 = Release|Any CPU
		{A865DDFE-7BBA-4928-A152-CC2209A91A50}.Debug|Any CPU.ActiveCfg = Debug|Any CPU
		{A865DDFE-7BBA-4928-A152-CC2209A91A50}.Debug|Any CPU.Build.0 = Debug|Any CPU
		{A865DDFE-7BBA-4928-A152-CC2209A91A50}.Release|Any CPU.ActiveCfg = Release|Any CPU
		{A865DDFE-7BBA-4928-A152-CC2209A91A50}.Release|Any CPU.Build.0 = Release|Any CPU
		{AFB74FE6-4C16-4DC0-8F3F-EBB2883E0F12}.Debug|Any CPU.ActiveCfg = Debug|Any CPU
		{AFB74FE6-4C16-4DC0-8F3F-EBB2883E0F12}.Debug|Any CPU.Build.0 = Debug|Any CPU
		{AFB74FE6-4C16-4DC0-8F3F-EBB2883E0F12}.Release|Any CPU.ActiveCfg = Release|Any CPU
		{AFB74FE6-4C16-4DC0-8F3F-EBB2883E0F12}.Release|Any CPU.Build.0 = Release|Any CPU
		{227750AF-2DA8-4174-A3FD-364EBDDAF068}.Debug|Any CPU.ActiveCfg = Debug|Any CPU
		{227750AF-2DA8-4174-A3FD-364EBDDAF068}.Debug|Any CPU.Build.0 = Debug|Any CPU
		{227750AF-2DA8-4174-A3FD-364EBDDAF068}.Release|Any CPU.ActiveCfg = Release|Any CPU
		{227750AF-2DA8-4174-A3FD-364EBDDAF068}.Release|Any CPU.Build.0 = Release|Any CPU
		{6542F061-4A57-4FB5-BA31-5769C1B92D1E}.Debug|Any CPU.ActiveCfg = Debug|Any CPU
		{6542F061-4A57-4FB5-BA31-5769C1B92D1E}.Debug|Any CPU.Build.0 = Debug|Any CPU
		{6542F061-4A57-4FB5-BA31-5769C1B92D1E}.Release|Any CPU.ActiveCfg = Release|Any CPU
		{6542F061-4A57-4FB5-BA31-5769C1B92D1E}.Release|Any CPU.Build.0 = Release|Any CPU
		{665EE189-848C-4C6A-A98A-93DAD1AF2DA1}.Debug|Any CPU.ActiveCfg = Debug|Any CPU
		{665EE189-848C-4C6A-A98A-93DAD1AF2DA1}.Debug|Any CPU.Build.0 = Debug|Any CPU
		{665EE189-848C-4C6A-A98A-93DAD1AF2DA1}.Release|Any CPU.ActiveCfg = Release|Any CPU
		{665EE189-848C-4C6A-A98A-93DAD1AF2DA1}.Release|Any CPU.Build.0 = Release|Any CPU
		{9C467E2C-A732-4641-B98B-E0FE48F34C3D}.Debug|Any CPU.ActiveCfg = Debug|Any CPU
		{9C467E2C-A732-4641-B98B-E0FE48F34C3D}.Debug|Any CPU.Build.0 = Debug|Any CPU
		{9C467E2C-A732-4641-B98B-E0FE48F34C3D}.Release|Any CPU.ActiveCfg = Release|Any CPU
		{9C467E2C-A732-4641-B98B-E0FE48F34C3D}.Release|Any CPU.Build.0 = Release|Any CPU
		{8B125272-286B-4884-8AA6-B599042E12C4}.Debug|Any CPU.ActiveCfg = Debug|Any CPU
		{8B125272-286B-4884-8AA6-B599042E12C4}.Debug|Any CPU.Build.0 = Debug|Any CPU
		{8B125272-286B-4884-8AA6-B599042E12C4}.Release|Any CPU.ActiveCfg = Release|Any CPU
		{8B125272-286B-4884-8AA6-B599042E12C4}.Release|Any CPU.Build.0 = Release|Any CPU
		{E579846B-B68F-44FE-84CC-523B908FBBD6}.Debug|Any CPU.ActiveCfg = Debug|Any CPU
		{E579846B-B68F-44FE-84CC-523B908FBBD6}.Debug|Any CPU.Build.0 = Debug|Any CPU
		{E579846B-B68F-44FE-84CC-523B908FBBD6}.Release|Any CPU.ActiveCfg = Release|Any CPU
		{E579846B-B68F-44FE-84CC-523B908FBBD6}.Release|Any CPU.Build.0 = Release|Any CPU
		{E2F7EF3B-0E91-4A39-8847-4FC4AF3B2A3A}.Debug|Any CPU.ActiveCfg = Debug|Any CPU
		{E2F7EF3B-0E91-4A39-8847-4FC4AF3B2A3A}.Debug|Any CPU.Build.0 = Debug|Any CPU
		{E2F7EF3B-0E91-4A39-8847-4FC4AF3B2A3A}.Release|Any CPU.ActiveCfg = Release|Any CPU
		{E2F7EF3B-0E91-4A39-8847-4FC4AF3B2A3A}.Release|Any CPU.Build.0 = Release|Any CPU
	EndGlobalSection
	GlobalSection(SolutionProperties) = preSolution
		HideSolutionNode = FALSE
	EndGlobalSection
	GlobalSection(NestedProjects) = preSolution
		{E398FFF2-945C-4828-8D3A-6C8241D94CE5} = {7436279C-941B-47A1-890F-4EB9CC9A3D0E}
		{819AE803-27E7-440A-BEBD-5BA404923C74} = {7436279C-941B-47A1-890F-4EB9CC9A3D0E}
		{07D33E69-F06B-461C-9195-AA05C5F0519D} = {7436279C-941B-47A1-890F-4EB9CC9A3D0E}
		{26C5E693-D066-4D3B-93A2-43679769FA81} = {68B7EB36-3F3D-483D-AA2D-AE442ECED093}
		{558036FF-4C6D-4177-A56C-E004EB12AD86} = {68B7EB36-3F3D-483D-AA2D-AE442ECED093}
		{B003709A-C52F-4FCE-8F36-E20F0F5F57D4} = {68B7EB36-3F3D-483D-AA2D-AE442ECED093}
		{011B42B1-53B6-4793-B449-5F4378EE1E5C} = {4EE2ED6E-965B-4EF1-BD00-F0B875478FF3}
		{B72A8A00-451F-4AD7-A58A-87CAEAAFC287} = {4EE2ED6E-965B-4EF1-BD00-F0B875478FF3}
		{56626CB4-3EB0-4BC1-A4AA-64FA3FFD7895} = {4EE2ED6E-965B-4EF1-BD00-F0B875478FF3}
		{A865DDFE-7BBA-4928-A152-CC2209A91A50} = {84226F88-DA0F-49CC-B11F-3430620F49CE}
		{AFB74FE6-4C16-4DC0-8F3F-EBB2883E0F12} = {84226F88-DA0F-49CC-B11F-3430620F49CE}
		{227750AF-2DA8-4174-A3FD-364EBDDAF068} = {84226F88-DA0F-49CC-B11F-3430620F49CE}
		{6542F061-4A57-4FB5-BA31-5769C1B92D1E} = {E5FB5BEC-88CA-454F-A667-6E2698222D92}
		{665EE189-848C-4C6A-A98A-93DAD1AF2DA1} = {E5FB5BEC-88CA-454F-A667-6E2698222D92}
		{9C467E2C-A732-4641-B98B-E0FE48F34C3D} = {E5FB5BEC-88CA-454F-A667-6E2698222D92}
		{8B125272-286B-4884-8AA6-B599042E12C4} = {22C1D402-F4CD-4C64-B59E-99E398A96CE7}
		{E579846B-B68F-44FE-84CC-523B908FBBD6} = {22C1D402-F4CD-4C64-B59E-99E398A96CE7}
		{E2F7EF3B-0E91-4A39-8847-4FC4AF3B2A3A} = {22C1D402-F4CD-4C64-B59E-99E398A96CE7}
	EndGlobalSection
	GlobalSection(ExtensibilityGlobals) = postSolution
		SolutionGuid = {70AB89F2-48D9-4A59-BA44-95599C6538AA}
	EndGlobalSection
EndGlobal
